
Microsoft Visual Studio Solution File, Format Version 12.00
# Visual Studio Version 17
VisualStudioVersion = 17.8.34316.72
MinimumVisualStudioVersion = 10.0.40219.1
Project("{9A19103F-16F7-4668-BE54-9A1E7A4F7556}") = "ClosedXML.MapperExtensions", "ClosedXML.MapperExtensions\ClosedXML.MapperExtensions.csproj", "{E5F024FD-016E-475B-A3C6-FF0FFBB4DF41}"
EndProject
Project("{9A19103F-16F7-4668-BE54-9A1E7A4F7556}") = "ClosedXML.MapperExtensions.Tests", "ClosedXML.MapperExtensions.Tests\ClosedXML.MapperExtensions.Tests.csproj", "{1DDC9BFE-4B7B-4AEE-A2D9-ECF027ECDE5B}"
EndProject
Global
	GlobalSection(SolutionConfigurationPlatforms) = preSolution
		Debug|Any CPU = Debug|Any CPU
		Release|Any CPU = Release|Any CPU
	EndGlobalSection
	GlobalSection(ProjectConfigurationPlatforms) = postSolution
		{E5F024FD-016E-475B-A3C6-FF0FFBB4DF41}.Debug|Any CPU.ActiveCfg = Debug|Any CPU
		{E5F024FD-016E-475B-A3C6-FF0FFBB4DF41}.Debug|Any CPU.Build.0 = Debug|Any CPU
		{E5F024FD-016E-475B-A3C6-FF0FFBB4DF41}.Release|Any CPU.ActiveCfg = Release|Any CPU
		{E5F024FD-016E-475B-A3C6-FF0FFBB4DF41}.Release|Any CPU.Build.0 = Release|Any CPU
		{1DDC9BFE-4B7B-4AEE-A2D9-ECF027ECDE5B}.Debug|Any CPU.ActiveCfg = Debug|Any CPU
		{1DDC9BFE-4B7B-4AEE-A2D9-ECF027ECDE5B}.Debug|Any CPU.Build.0 = Debug|Any CPU
		{1DDC9BFE-4B7B-4AEE-A2D9-ECF027ECDE5B}.Release|Any CPU.ActiveCfg = Release|Any CPU
		{1DDC9BFE-4B7B-4AEE-A2D9-ECF027ECDE5B}.Release|Any CPU.Build.0 = Release|Any CPU
	EndGlobalSection
	GlobalSection(SolutionProperties) = preSolution
		HideSolutionNode = FALSE
	EndGlobalSection
	GlobalSection(ExtensibilityGlobals) = postSolution
		SolutionGuid = {ACFD14FB-CED9-461B-90A1-40507A9604D5}
	EndGlobalSection
EndGlobal
